
Microsoft Visual Studio Solution File, Format Version 12.00
# Visual Studio Version 17
VisualStudioVersion = 17.12.35527.113
MinimumVisualStudioVersion = 10.0.40219.1
Project("{FAE04EC0-301F-11D3-BF4B-00C04F79EFBC}") = "App.Repositories", "Repositories\App.Repositories.csproj", "{1AD8C37C-EE85-48C1-94C9-EA6A2708E99B}"
EndProject
Project("{FAE04EC0-301F-11D3-BF4B-00C04F79EFBC}") = "App.Services", "Services\App.Services.csproj", "{70FFE2DE-1D01-416E-BFCD-4C52B243489D}"
EndProject
Project("{FAE04EC0-301F-11D3-BF4B-00C04F79EFBC}") = "App.Api", "App.Api\App.Api.csproj", "{1ADF4E73-33B8-41E6-985B-7AA4C98CC1EC}"
EndProject
Project("{2150E333-8FDC-42A3-9474-1A3956D46DE8}") = "NLayer", "NLayer", "{B433BDB1-923F-4D05-8560-D7871C79EC62}"
EndProject
Project("{2150E333-8FDC-42A3-9474-1A3956D46DE8}") = "CleanArchitecture", "CleanArchitecture", "{396409D9-72F0-4EC8-A5B4-EA1045C26ED9}"
EndProject
Project("{2150E333-8FDC-42A3-9474-1A3956D46DE8}") = "test", "test", "{6B54C213-32CA-4FB0-A5EA-EE436BB2BCA6}"
EndProject
Project("{2150E333-8FDC-42A3-9474-1A3956D46DE8}") = "src", "src", "{4FBFB526-1345-4728-8942-BF2AA32E54EB}"
EndProject
Project("{2150E333-8FDC-42A3-9474-1A3956D46DE8}") = "core", "core", "{45284A5F-680D-4783-958F-5466D2A4EA9D}"
EndProject
Project("{FAE04EC0-301F-11D3-BF4B-00C04F79EFBC}") = "App.Domain", "App.Domain\App.Domain.csproj", "{1D37F0F6-3B71-476B-B0EC-54E1DF283989}"
EndProject
Project("{FAE04EC0-301F-11D3-BF4B-00C04F79EFBC}") = "App.Application", "App.Application\App.Application.csproj", "{B494C610-753C-40BF-A223-5B525838B882}"
EndProject
Project("{2150E333-8FDC-42A3-9474-1A3956D46DE8}") = "infrastructure", "infrastructure", "{A68E6A2D-3124-43A5-BC2C-36B892B62229}"
EndProject
Project("{FAE04EC0-301F-11D3-BF4B-00C04F79EFBC}") = "App.Persistence", "App.Persistence\App.Persistence.csproj", "{F1EB9895-BF7A-4FB9-AB27-F27A7934ADE9}"
EndProject
Project("{2150E333-8FDC-42A3-9474-1A3956D46DE8}") = "api", "api", "{53BEE192-A1E9-41A3-A006-4183AB899338}"
EndProject
Project("{FAE04EC0-301F-11D3-BF4B-00C04F79EFBC}") = "AppApi", "AppApi\AppApi.csproj", "{6C209522-73FA-4500-B0D5-3541134CC4B8}"
EndProject
Project("{FAE04EC0-301F-11D3-BF4B-00C04F79EFBC}") = "App.Caching", "App.Caching\App.Caching.csproj", "{72518DF1-6765-426E-B6B2-2AE7D940FBC0}"
EndProject
Project("{FAE04EC0-301F-11D3-BF4B-00C04F79EFBC}") = "App.Bus", "App.Bus\App.Bus.csproj", "{CCD8C0EF-6C5A-4FFE-A1EE-5A9777F04293}"
EndProject
Global
	GlobalSection(SolutionConfigurationPlatforms) = preSolution
		Debug|Any CPU = Debug|Any CPU
		Release|Any CPU = Release|Any CPU
	EndGlobalSection
	GlobalSection(ProjectConfigurationPlatforms) = postSolution
		{1AD8C37C-EE85-48C1-94C9-EA6A2708E99B}.Debug|Any CPU.ActiveCfg = Debug|Any CPU
		{1AD8C37C-EE85-48C1-94C9-EA6A2708E99B}.Debug|Any CPU.Build.0 = Debug|Any CPU
		{1AD8C37C-EE85-48C1-94C9-EA6A2708E99B}.Release|Any CPU.ActiveCfg = Release|Any CPU
		{1AD8C37C-EE85-48C1-94C9-EA6A2708E99B}.Release|Any CPU.Build.0 = Release|Any CPU
		{70FFE2DE-1D01-416E-BFCD-4C52B243489D}.Debug|Any CPU.ActiveCfg = Debug|Any CPU
		{70FFE2DE-1D01-416E-BFCD-4C52B243489D}.Debug|Any CPU.Build.0 = Debug|Any CPU
		{70FFE2DE-1D01-416E-BFCD-4C52B243489D}.Release|Any CPU.ActiveCfg = Release|Any CPU
		{70FFE2DE-1D01-416E-BFCD-4C52B243489D}.Release|Any CPU.Build.0 = Release|Any CPU
		{1ADF4E73-33B8-41E6-985B-7AA4C98CC1EC}.Debug|Any CPU.ActiveCfg = Debug|Any CPU
		{1ADF4E73-33B8-41E6-985B-7AA4C98CC1EC}.Debug|Any CPU.Build.0 = Debug|Any CPU
		{1ADF4E73-33B8-41E6-985B-7AA4C98CC1EC}.Release|Any CPU.ActiveCfg = Release|Any CPU
		{1ADF4E73-33B8-41E6-985B-7AA4C98CC1EC}.Release|Any CPU.Build.0 = Release|Any CPU
		{1D37F0F6-3B71-476B-B0EC-54E1DF283989}.Debug|Any CPU.ActiveCfg = Debug|Any CPU
		{1D37F0F6-3B71-476B-B0EC-54E1DF283989}.Debug|Any CPU.Build.0 = Debug|Any CPU
		{1D37F0F6-3B71-476B-B0EC-54E1DF283989}.Release|Any CPU.ActiveCfg = Release|Any CPU
		{1D37F0F6-3B71-476B-B0EC-54E1DF283989}.Release|Any CPU.Build.0 = Release|Any CPU
		{B494C610-753C-40BF-A223-5B525838B882}.Debug|Any CPU.ActiveCfg = Debug|Any CPU
		{B494C610-753C-40BF-A223-5B525838B882}.Debug|Any CPU.Build.0 = Debug|Any CPU
		{B494C610-753C-40BF-A223-5B525838B882}.Release|Any CPU.ActiveCfg = Release|Any CPU
		{B494C610-753C-40BF-A223-5B525838B882}.Release|Any CPU.Build.0 = Release|Any CPU
		{F1EB9895-BF7A-4FB9-AB27-F27A7934ADE9}.Debug|Any CPU.ActiveCfg = Debug|Any CPU
		{F1EB9895-BF7A-4FB9-AB27-F27A7934ADE9}.Debug|Any CPU.Build.0 = Debug|Any CPU
		{F1EB9895-BF7A-4FB9-AB27-F27A7934ADE9}.Release|Any CPU.ActiveCfg = Release|Any CPU
		{F1EB9895-BF7A-4FB9-AB27-F27A7934ADE9}.Release|Any CPU.Build.0 = Release|Any CPU
		{6C209522-73FA-4500-B0D5-3541134CC4B8}.Debug|Any CPU.ActiveCfg = Debug|Any CPU
		{6C209522-73FA-4500-B0D5-3541134CC4B8}.Debug|Any CPU.Build.0 = Debug|Any CPU
		{6C209522-73FA-4500-B0D5-3541134CC4B8}.Release|Any CPU.ActiveCfg = Release|Any CPU
		{6C209522-73FA-4500-B0D5-3541134CC4B8}.Release|Any CPU.Build.0 = Release|Any CPU
		{72518DF1-6765-426E-B6B2-2AE7D940FBC0}.Debug|Any CPU.ActiveCfg = Debug|Any CPU
		{72518DF1-6765-426E-B6B2-2AE7D940FBC0}.Debug|Any CPU.Build.0 = Debug|Any CPU
		{72518DF1-6765-426E-B6B2-2AE7D940FBC0}.Release|Any CPU.ActiveCfg = Release|Any CPU
		{72518DF1-6765-426E-B6B2-2AE7D940FBC0}.Release|Any CPU.Build.0 = Release|Any CPU
		{CCD8C0EF-6C5A-4FFE-A1EE-5A9777F04293}.Debug|Any CPU.ActiveCfg = Debug|Any CPU
		{CCD8C0EF-6C5A-4FFE-A1EE-5A9777F04293}.Debug|Any CPU.Build.0 = Debug|Any CPU
		{CCD8C0EF-6C5A-4FFE-A1EE-5A9777F04293}.Release|Any CPU.ActiveCfg = Release|Any CPU
		{CCD8C0EF-6C5A-4FFE-A1EE-5A9777F04293}.Release|Any CPU.Build.0 = Release|Any CPU
	EndGlobalSection
	GlobalSection(SolutionProperties) = preSolution
		HideSolutionNode = FALSE
	EndGlobalSection
	GlobalSection(NestedProjects) = preSolution
		{1AD8C37C-EE85-48C1-94C9-EA6A2708E99B} = {B433BDB1-923F-4D05-8560-D7871C79EC62}
		{70FFE2DE-1D01-416E-BFCD-4C52B243489D} = {B433BDB1-923F-4D05-8560-D7871C79EC62}
		{1ADF4E73-33B8-41E6-985B-7AA4C98CC1EC} = {B433BDB1-923F-4D05-8560-D7871C79EC62}
		{6B54C213-32CA-4FB0-A5EA-EE436BB2BCA6} = {396409D9-72F0-4EC8-A5B4-EA1045C26ED9}
		{4FBFB526-1345-4728-8942-BF2AA32E54EB} = {396409D9-72F0-4EC8-A5B4-EA1045C26ED9}
		{45284A5F-680D-4783-958F-5466D2A4EA9D} = {4FBFB526-1345-4728-8942-BF2AA32E54EB}
		{1D37F0F6-3B71-476B-B0EC-54E1DF283989} = {45284A5F-680D-4783-958F-5466D2A4EA9D}
		{B494C610-753C-40BF-A223-5B525838B882} = {45284A5F-680D-4783-958F-5466D2A4EA9D}
		{A68E6A2D-3124-43A5-BC2C-36B892B62229} = {4FBFB526-1345-4728-8942-BF2AA32E54EB}
		{F1EB9895-BF7A-4FB9-AB27-F27A7934ADE9} = {A68E6A2D-3124-43A5-BC2C-36B892B62229}
		{53BEE192-A1E9-41A3-A006-4183AB899338} = {4FBFB526-1345-4728-8942-BF2AA32E54EB}
		{6C209522-73FA-4500-B0D5-3541134CC4B8} = {53BEE192-A1E9-41A3-A006-4183AB899338}
		{72518DF1-6765-426E-B6B2-2AE7D940FBC0} = {A68E6A2D-3124-43A5-BC2C-36B892B62229}
		{CCD8C0EF-6C5A-4FFE-A1EE-5A9777F04293} = {A68E6A2D-3124-43A5-BC2C-36B892B62229}
	EndGlobalSection
EndGlobal
